
Microsoft Visual Studio Solution File, Format Version 12.00
# Visual Studio 15
Project("{FAE04EC0-301F-11D3-BF4B-00C04F79EFBC}") = "Unity.Timeline", "Unity.Timeline.csproj", "{7370244A-BFAC-BAEF-2B60-86CE0F71F619}"
EndProject
Project("{FAE04EC0-301F-11D3-BF4B-00C04F79EFBC}") = "Unity.RenderPipelines.GPUDriven.Runtime", "Unity.RenderPipelines.GPUDriven.Runtime.csproj", "{E5AA3EA7-25C4-B818-943F-A04E77D1E7B9}"
EndProject
Project("{FAE04EC0-301F-11D3-BF4B-00C04F79EFBC}") = "Unity.PlasticSCM.Editor", "Unity.PlasticSCM.Editor.csproj", "{EC7D067F-07FF-0347-7B5D-204A92D7B40A}"
EndProject
Project("{FAE04EC0-301F-11D3-BF4B-00C04F79EFBC}") = "Unity.ShaderGraph.Editor", "Unity.ShaderGraph.Editor.csproj", "{F9250FA8-0CEB-D9AE-E116-786CBAD28D15}"
EndProject
Project("{FAE04EC0-301F-11D3-BF4B-00C04F79EFBC}") = "Unity.RenderPipelines.Core.Runtime", "Unity.RenderPipelines.Core.Runtime.csproj", "{5A516B4C-C2EA-AC66-A959-474BCF045494}"
EndProject
Project("{FAE04EC0-301F-11D3-BF4B-00C04F79EFBC}") = "Unity.Mathematics", "Unity.Mathematics.csproj", "{59CB0407-38F6-3474-3564-B88218B6B844}"
EndProject
Project("{FAE04EC0-301F-11D3-BF4B-00C04F79EFBC}") = "Unity.Timeline.Editor", "Unity.Timeline.Editor.csproj", "{0CD8846E-3EFC-AE47-87D0-48C4B0EAF0F1}"
EndProject
Project("{FAE04EC0-301F-11D3-BF4B-00C04F79EFBC}") = "Unity.Multiplayer.Center.Editor", "Unity.Multiplayer.Center.Editor.csproj", "{64893750-A594-E2AD-A385-F68214AFB47B}"
EndProject
Project("{FAE04EC0-301F-11D3-BF4B-00C04F79EFBC}") = "Unity.RenderPipelines.Core.Editor", "Unity.RenderPipelines.Core.Editor.csproj", "{A7E5ACAB-0582-5D67-9C05-6386DA10D89B}"
EndProject
Project("{FAE04EC0-301F-11D3-BF4B-00C04F79EFBC}") = "Unity.Collections", "Unity.Collections.csproj", "{4ADF1A46-15D7-9612-3DD4-0DD21C27F755}"
EndProject
Project("{FAE04EC0-301F-11D3-BF4B-00C04F79EFBC}") = "UnityEngine.UI", "UnityEngine.UI.csproj", "{566C520B-D1A0-B18A-3334-6F60237F19DB}"
EndProject
Project("{FAE04EC0-301F-11D3-BF4B-00C04F79EFBC}") = "Unity.RenderPipelines.Universal.2D.Runtime", "Unity.RenderPipelines.Universal.2D.Runtime.csproj", "{2A311649-9BF7-5631-6D45-A7E664B7099D}"
EndProject
Project("{FAE04EC0-301F-11D3-BF4B-00C04F79EFBC}") = "Unity.VisualScripting.Core.Editor", "Unity.VisualScripting.Core.Editor.csproj", "{182E9CB8-6931-447E-105F-9F287C4EFC6D}"
EndProject
Project("{FAE04EC0-301F-11D3-BF4B-00C04F79EFBC}") = "Unity.RenderPipelines.Universal.Editor", "Unity.RenderPipelines.Universal.Editor.csproj", "{B7EE5D33-D21E-8F80-1D3B-DFFF661F2E40}"
EndProject
Project("{FAE04EC0-301F-11D3-BF4B-00C04F79EFBC}") = "Unity.PerformanceTesting.Editor", "Unity.PerformanceTesting.Editor.csproj", "{EAECB4F8-4D29-EE36-7B24-170AACB1D021}"
EndProject
Project("{FAE04EC0-301F-11D3-BF4B-00C04F79EFBC}") = "UnityEngine.TestRunner", "UnityEngine.TestRunner.csproj", "{54AAEBFF-9734-50CB-763B-DC4CCAE26602}"
EndProject
Project("{FAE04EC0-301F-11D3-BF4B-00C04F79EFBC}") = "Unity.Burst", "Unity.Burst.csproj", "{A815E2DA-19AD-D616-6492-83E740FB0484}"
EndProject
Project("{FAE04EC0-301F-11D3-BF4B-00C04F79EFBC}") = "Unity.VisualScripting.Flow.Editor", "Unity.VisualScripting.Flow.Editor.csproj", "{8E41F682-4B37-F320-F05B-F6562064CC76}"
EndProject
Project("{FAE04EC0-301F-11D3-BF4B-00C04F79EFBC}") = "Unity.VisualStudio.Editor", "Unity.VisualStudio.Editor.csproj", "{4B0D8259-62C6-7316-096C-37EB0C9522DF}"
EndProject
Project("{FAE04EC0-301F-11D3-BF4B-00C04F79EFBC}") = "Unity.InputSystem", "Unity.InputSystem.csproj", "{39A80C37-5F33-1BDE-CFAA-9D604345A154}"
EndProject
Project("{FAE04EC0-301F-11D3-BF4B-00C04F79EFBC}") = "PPv2URPConverters", "PPv2URPConverters.csproj", "{EEB182D4-741A-6EA4-B788-C1CFDFDC894E}"
EndProject
Project("{FAE04EC0-301F-11D3-BF4B-00C04F79EFBC}") = "Unity.Searcher.Editor", "Unity.Searcher.Editor.csproj", "{B754A461-F1B8-2A90-49CA-E2A7C3FD599E}"
EndProject
Project("{FAE04EC0-301F-11D3-BF4B-00C04F79EFBC}") = "UnityEditor.TestRunner", "UnityEditor.TestRunner.csproj", "{312A0D93-92CF-8BD1-2567-8C191C31C9B4}"
EndProject
Project("{FAE04EC0-301F-11D3-BF4B-00C04F79EFBC}") = "Unity.VisualScripting.Core", "Unity.VisualScripting.Core.csproj", "{8B49CF0B-2299-7B5D-F7C3-1F5DD9B3543E}"
EndProject
Project("{FAE04EC0-301F-11D3-BF4B-00C04F79EFBC}") = "Unity.RenderPipelines.Universal.Runtime", "Unity.RenderPipelines.Universal.Runtime.csproj", "{8A6A64F6-DCB7-6096-5ECD-203E5860DA96}"
EndProject
Project("{FAE04EC0-301F-11D3-BF4B-00C04F79EFBC}") = "Unity.CollabProxy.Editor", "Unity.CollabProxy.Editor.csproj", "{D8C9C82F-C5C3-2E5C-82D7-28B6C905BCA7}"
EndProject
Project("{FAE04EC0-301F-11D3-BF4B-00C04F79EFBC}") = "Unity.AI.Navigation.Editor.ConversionSystem", "Unity.AI.Navigation.Editor.ConversionSystem.csproj", "{2347286F-D361-6897-E518-A4FA2E8C0F31}"
EndProject
Project("{FAE04EC0-301F-11D3-BF4B-00C04F79EFBC}") = "Unity.VisualScripting.State.Editor", "Unity.VisualScripting.State.Editor.csproj", "{AA07C61A-203B-A734-A18E-16BDF6F81294}"
EndProject
Project("{FAE04EC0-301F-11D3-BF4B-00C04F79EFBC}") = "Unity.Burst.CodeGen", "Unity.Burst.CodeGen.csproj", "{87B7FB24-0D05-5FFD-1DFA-5B7BA071B75F}"
EndProject
Project("{FAE04EC0-301F-11D3-BF4B-00C04F79EFBC}") = "Unity.VisualScripting.Flow", "Unity.VisualScripting.Flow.csproj", "{190004DA-ACFD-B18E-1BD4-CC7FE037EA0C}"
EndProject
Project("{FAE04EC0-301F-11D3-BF4B-00C04F79EFBC}") = "Unity.PerformanceTesting", "Unity.PerformanceTesting.csproj", "{EFF38FB5-4D27-D07D-1700-33AAB9E5C284}"
EndProject
Project("{FAE04EC0-301F-11D3-BF4B-00C04F79EFBC}") = "Unity.TextMeshPro", "Unity.TextMeshPro.csproj", "{81261B6B-DA4E-0E24-6117-32E30CD8BF73}"
EndProject
Project("{FAE04EC0-301F-11D3-BF4B-00C04F79EFBC}") = "Unity.TextMeshPro.Editor", "Unity.TextMeshPro.Editor.csproj", "{27EAA6D9-8C37-05B2-8FD1-C2093A40C906}"
EndProject
Project("{FAE04EC0-301F-11D3-BF4B-00C04F79EFBC}") = "Unity.Rendering.LightTransport.Runtime", "Unity.Rendering.LightTransport.Runtime.csproj", "{02CA8856-4F74-A8B0-152F-86159F7D4543}"
EndProject
Project("{FAE04EC0-301F-11D3-BF4B-00C04F79EFBC}") = "Unity.Burst.Editor", "Unity.Burst.Editor.csproj", "{BC15044E-10C2-11C8-D2B3-6B01593EC774}"
EndProject
Project("{FAE04EC0-301F-11D3-BF4B-00C04F79EFBC}") = "Unity.Rider.Editor", "Unity.Rider.Editor.csproj", "{0F80BB55-3E61-9395-B252-00112B27BAEC}"
EndProject
Project("{FAE04EC0-301F-11D3-BF4B-00C04F79EFBC}") = "Unity.VisualScripting.State", "Unity.VisualScripting.State.csproj", "{0779C3E2-C028-636B-FF94-39475450B910}"
EndProject
Project("{FAE04EC0-301F-11D3-BF4B-00C04F79EFBC}") = "Unity.AI.Navigation.Updater", "Unity.AI.Navigation.Updater.csproj", "{1C9D18FB-5545-021C-99D4-BBF323EC3400}"
EndProject
Project("{FAE04EC0-301F-11D3-BF4B-00C04F79EFBC}") = "UnityEditor.UI", "UnityEditor.UI.csproj", "{FE65EF53-C7A8-2A20-A3C5-62879125D545}"
EndProject
Project("{FAE04EC0-301F-11D3-BF4B-00C04F79EFBC}") = "Unity.AI.Navigation.Editor", "Unity.AI.Navigation.Editor.csproj", "{FD8474B3-700E-18DA-359D-2F746483A03F}"
EndProject
Project("{FAE04EC0-301F-11D3-BF4B-00C04F79EFBC}") = "Unity.Multiplayer.Center.Common", "Unity.Multiplayer.Center.Common.csproj", "{94EA16C5-DEC7-6934-9573-9BCB3FFCD369}"
EndProject
Project("{FAE04EC0-301F-11D3-BF4B-00C04F79EFBC}") = "Unity.InputSystem.ForUI", "Unity.InputSystem.ForUI.csproj", "{1E991305-ADD0-D862-3CDF-862511C339E6}"
EndProject
Project("{FAE04EC0-301F-11D3-BF4B-00C04F79EFBC}") = "Unity.AI.Navigation", "Unity.AI.Navigation.csproj", "{CED027C5-7A55-DA25-0418-F16EFF83C7BE}"
EndProject
Project("{FAE04EC0-301F-11D3-BF4B-00C04F79EFBC}") = "Unity.Collections.CodeGen", "Unity.Collections.CodeGen.csproj", "{635773AF-1044-405B-891C-CA3C2C2D8747}"
EndProject
Project("{FAE04EC0-301F-11D3-BF4B-00C04F79EFBC}") = "Unity.Mathematics.Editor", "Unity.Mathematics.Editor.csproj", "{02B12557-D661-B155-5AB2-BB6623CDAA47}"
EndProject
Project("{FAE04EC0-301F-11D3-BF4B-00C04F79EFBC}") = "Unity.VisualScripting.SettingsProvider.Editor", "Unity.VisualScripting.SettingsProvider.Editor.csproj", "{110565B2-513A-CFA6-79F6-B23DC69271EF}"
EndProject
Project("{FAE04EC0-301F-11D3-BF4B-00C04F79EFBC}") = "Assembly-CSharp-Editor", "Assembly-CSharp-Editor.csproj", "{490886AA-AE38-9B0A-E7BD-BEE9376CE5B4}"
EndProject
Project("{FAE04EC0-301F-11D3-BF4B-00C04F79EFBC}") = "Unity.InputSystem.TestFramework", "Unity.InputSystem.TestFramework.csproj", "{C77B3A75-E9E7-3906-F270-2F9A27E12900}"
EndProject
Project("{FAE04EC0-301F-11D3-BF4B-00C04F79EFBC}") = "Unity.ShaderGraph.Utilities", "Unity.ShaderGraph.Utilities.csproj", "{A7360A99-C4F3-9ECB-99FE-77AC581959A6}"
EndProject
Project("{FAE04EC0-301F-11D3-BF4B-00C04F79EFBC}") = "Unity.VisualScripting.Shared.Editor", "Unity.VisualScripting.Shared.Editor.csproj", "{61AC9B51-C829-9144-C572-B90557BCFB95}"
EndProject
Project("{FAE04EC0-301F-11D3-BF4B-00C04F79EFBC}") = "Unity.RenderPipeline.Universal.ShaderLibrary", "Unity.RenderPipeline.Universal.ShaderLibrary.csproj", "{6DF9DFC5-5ABB-2366-BB41-3E5B8835817A}"
EndProject
Project("{FAE04EC0-301F-11D3-BF4B-00C04F79EFBC}") = "Unity.Rendering.LightTransport.Editor", "Unity.Rendering.LightTransport.Editor.csproj", "{EFF25ADF-E36F-6456-304A-51ED5B854E8D}"
EndProject
Project("{FAE04EC0-301F-11D3-BF4B-00C04F79EFBC}") = "Unity.InputSystem.DocCodeSamples", "Unity.InputSystem.DocCodeSamples.csproj", "{28E60A54-14A1-1C17-06E4-3C779C1E8DB9}"
EndProject
Project("{FAE04EC0-301F-11D3-BF4B-00C04F79EFBC}") = "Unity.RenderPipelines.Universal.Shaders", "Unity.RenderPipelines.Universal.Shaders.csproj", "{594A7EE7-16C2-AEC9-0F11-DC772E9E0BC7}"
EndProject
Project("{FAE04EC0-301F-11D3-BF4B-00C04F79EFBC}") = "Unity.RenderPipelines.Core.Runtime.Shared", "Unity.RenderPipelines.Core.Runtime.Shared.csproj", "{C72D3087-0963-4DA7-8BE6-0E380A579EB1}"
EndProject
Project("{FAE04EC0-301F-11D3-BF4B-00C04F79EFBC}") = "Assembly-CSharp", "Assembly-CSharp.csproj", "{3207FB1D-221E-616B-E06F-5008263333E5}"
EndProject
Project("{FAE04EC0-301F-11D3-BF4B-00C04F79EFBC}") = "Unity.Collections.Editor", "Unity.Collections.Editor.csproj", "{753AD167-ED3F-667C-9372-FD2F806CFDB4}"
EndProject
Project("{FAE04EC0-301F-11D3-BF4B-00C04F79EFBC}") = "Unity.RenderPipelines.Universal.Config.Runtime", "Unity.RenderPipelines.Universal.Config.Runtime.csproj", "{AB594AC3-4B0A-778E-B369-41709C737AD1}"
EndProject
Project("{FAE04EC0-301F-11D3-BF4B-00C04F79EFBC}") = "Unity.RenderPipelines.ShaderGraph.ShaderGraphLibrary", "Unity.RenderPipelines.ShaderGraph.ShaderGraphLibrary.csproj", "{9284CECA-25A1-45FA-82D4-0DA2A4C3DB03}"
EndProject
Project("{FAE04EC0-301F-11D3-BF4B-00C04F79EFBC}") = "Unity.RenderPipelines.Core.ShaderLibrary", "Unity.RenderPipelines.Core.ShaderLibrary.csproj", "{4BE039BB-DF1D-C60E-4437-107C0AF1BD8F}"
EndProject
Project("{FAE04EC0-301F-11D3-BF4B-00C04F79EFBC}") = "Unity.RenderPipelines.Core.Editor.Shared", "Unity.RenderPipelines.Core.Editor.Shared.csproj", "{87B27C7D-807B-A4B2-69AA-4BDDAAD4863B}"
EndProject
Project("{FAE04EC0-301F-11D3-BF4B-00C04F79EFBC}") = "Unity.Timeline", "Unity.Timeline.Player.csproj", "{A265342B-B2A6-1A26-8F8E-064E10BDB178}"
EndProject
Project("{FAE04EC0-301F-11D3-BF4B-00C04F79EFBC}") = "Unity.RenderPipelines.GPUDriven.Runtime", "Unity.RenderPipelines.GPUDriven.Runtime.Player.csproj", "{DB8E18BD-621A-B22B-BE69-5F0CA2C9DDA4}"
EndProject
Project("{FAE04EC0-301F-11D3-BF4B-00C04F79EFBC}") = "Unity.RenderPipelines.Core.Runtime", "Unity.RenderPipelines.Core.Runtime.Player.csproj", "{8DBCC8A9-1867-29BE-F6E1-4DF3578B61B1}"
EndProject
Project("{FAE04EC0-301F-11D3-BF4B-00C04F79EFBC}") = "Unity.Mathematics", "Unity.Mathematics.Player.csproj", "{8242DD2A-0197-AA43-DC50-44A063C4445B}"
EndProject
Project("{FAE04EC0-301F-11D3-BF4B-00C04F79EFBC}") = "Unity.Collections", "Unity.Collections.Player.csproj", "{B8B12815-7DEE-3892-B225-252DD9395E8F}"
EndProject
Project("{FAE04EC0-301F-11D3-BF4B-00C04F79EFBC}") = "UnityEngine.UI", "UnityEngine.UI.Player.csproj", "{82E63E2B-7D56-AA74-3FF6-8C692A5F10A9}"
EndProject
Project("{FAE04EC0-301F-11D3-BF4B-00C04F79EFBC}") = "Unity.RenderPipelines.Universal.2D.Runtime", "Unity.RenderPipelines.Universal.2D.Runtime.Player.csproj", "{BABC6ED9-B59E-20FE-FD72-0179D2CEF3E0}"
EndProject
Project("{FAE04EC0-301F-11D3-BF4B-00C04F79EFBC}") = "UnityEngine.TestRunner", "UnityEngine.TestRunner.Player.csproj", "{F7E64932-8393-7897-FE77-935D3670578A}"
EndProject
Project("{FAE04EC0-301F-11D3-BF4B-00C04F79EFBC}") = "Unity.Burst", "Unity.Burst.Player.csproj", "{FD1FB570-E515-5E30-80E4-87B693ACBAAA}"
EndProject
Project("{FAE04EC0-301F-11D3-BF4B-00C04F79EFBC}") = "Unity.InputSystem", "Unity.InputSystem.Player.csproj", "{12296B58-A594-196C-ACC7-EA55049DB3D2}"
EndProject
Project("{FAE04EC0-301F-11D3-BF4B-00C04F79EFBC}") = "Unity.VisualScripting.Core", "Unity.VisualScripting.Core.Player.csproj", "{5DC42BFE-64E2-B357-0AD2-CFE2ABFC57AC}"
EndProject
Project("{FAE04EC0-301F-11D3-BF4B-00C04F79EFBC}") = "Unity.RenderPipelines.Universal.Runtime", "Unity.RenderPipelines.Universal.Runtime.Player.csproj", "{ABCD3826-8974-06E8-AB03-B9DD09D1A4D8}"
EndProject
Project("{FAE04EC0-301F-11D3-BF4B-00C04F79EFBC}") = "Unity.VisualScripting.Flow", "Unity.VisualScripting.Flow.Player.csproj", "{FEF875F9-C281-6462-AB66-8CBE79D5A14F}"
EndProject
Project("{FAE04EC0-301F-11D3-BF4B-00C04F79EFBC}") = "Unity.PerformanceTesting", "Unity.PerformanceTesting.Player.csproj", "{8E19D909-C765-39E9-FEA0-72276D0F64DC}"
EndProject
Project("{FAE04EC0-301F-11D3-BF4B-00C04F79EFBC}") = "Unity.TextMeshPro", "Unity.TextMeshPro.Player.csproj", "{ED556843-00BE-1D29-3BAE-BA06EDC514AD}"
EndProject
Project("{FAE04EC0-301F-11D3-BF4B-00C04F79EFBC}") = "Unity.Rendering.LightTransport.Runtime", "Unity.Rendering.LightTransport.Runtime.Player.csproj", "{D4C96F5A-0112-7F49-14EC-B5D44B44EE2C}"
EndProject
Project("{FAE04EC0-301F-11D3-BF4B-00C04F79EFBC}") = "Unity.VisualScripting.State", "Unity.VisualScripting.State.Player.csproj", "{11F8D4EB-C178-32CA-6B48-89CE688DD263}"
EndProject
Project("{FAE04EC0-301F-11D3-BF4B-00C04F79EFBC}") = "Unity.Multiplayer.Center.Common", "Unity.Multiplayer.Center.Common.Player.csproj", "{F8338EB1-F671-3E46-CEE8-35C7F631B5F9}"
EndProject
Project("{FAE04EC0-301F-11D3-BF4B-00C04F79EFBC}") = "Unity.InputSystem.ForUI", "Unity.InputSystem.ForUI.Player.csproj", "{C2902142-B01A-2183-7F48-CFF693606CC9}"
EndProject
Project("{FAE04EC0-301F-11D3-BF4B-00C04F79EFBC}") = "Unity.AI.Navigation", "Unity.AI.Navigation.Player.csproj", "{8DB85314-4FB7-599D-AD60-C4001FB5F034}"
EndProject
Project("{FAE04EC0-301F-11D3-BF4B-00C04F79EFBC}") = "Unity.InputSystem.TestFramework", "Unity.InputSystem.TestFramework.Player.csproj", "{FF42F3CD-C3D0-C853-415E-D3F1BBA98833}"
EndProject
Project("{FAE04EC0-301F-11D3-BF4B-00C04F79EFBC}") = "Unity.RenderPipeline.Universal.ShaderLibrary", "Unity.RenderPipeline.Universal.ShaderLibrary.Player.csproj", "{380A8F1D-23B2-ECDE-1D43-47E9456985C4}"
EndProject
Project("{FAE04EC0-301F-11D3-BF4B-00C04F79EFBC}") = "Unity.RenderPipelines.Universal.Shaders", "Unity.RenderPipelines.Universal.Shaders.Player.csproj", "{D7984F42-7BDF-BC16-72CD-10E42E4D631E}"
EndProject
Project("{FAE04EC0-301F-11D3-BF4B-00C04F79EFBC}") = "Unity.RenderPipelines.Core.Runtime.Shared", "Unity.RenderPipelines.Core.Runtime.Shared.Player.csproj", "{238B5F02-40A7-5ABE-B94E-AE372C65596D}"
EndProject
Project("{FAE04EC0-301F-11D3-BF4B-00C04F79EFBC}") = "Assembly-CSharp", "Assembly-CSharp.Player.csproj", "{47290276-6B70-E2B8-B73B-30E035E342AF}"
EndProject
Project("{FAE04EC0-301F-11D3-BF4B-00C04F79EFBC}") = "Unity.RenderPipelines.Universal.Config.Runtime", "Unity.RenderPipelines.Universal.Config.Runtime.Player.csproj", "{F770B5B2-9B2A-E261-3D49-E16A546C0124}"
EndProject
Project("{FAE04EC0-301F-11D3-BF4B-00C04F79EFBC}") = "Unity.RenderPipelines.ShaderGraph.ShaderGraphLibrary", "Unity.RenderPipelines.ShaderGraph.ShaderGraphLibrary.Player.csproj", "{9A02537D-1E6E-23CA-BAB0-059B820DE2F3}"
EndProject
Project("{FAE04EC0-301F-11D3-BF4B-00C04F79EFBC}") = "Unity.RenderPipelines.Core.ShaderLibrary", "Unity.RenderPipelines.Core.ShaderLibrary.Player.csproj", "{19406A95-E84B-46C6-F280-FB83AA86CDF2}"
EndProject
Global
	GlobalSection(SolutionConfigurationPlatforms) = preSolution
		Debug|Any CPU = Debug|Any CPU
		Release|Any CPU = Release|Any CPU
	EndGlobalSection
	GlobalSection(ProjectConfigurationPlatforms) = postSolution
		{7370244A-BFAC-BAEF-2B60-86CE0F71F619}.Debug|Any CPU.ActiveCfg = Debug|Any CPU
		{7370244A-BFAC-BAEF-2B60-86CE0F71F619}.Debug|Any CPU.Build.0 = Debug|Any CPU
		{7370244A-BFAC-BAEF-2B60-86CE0F71F619}.Release|Any CPU.ActiveCfg = Release|Any CPU
		{7370244A-BFAC-BAEF-2B60-86CE0F71F619}.Release|Any CPU.Build.0 = Release|Any CPU
		{E5AA3EA7-25C4-B818-943F-A04E77D1E7B9}.Debug|Any CPU.ActiveCfg = Debug|Any CPU
		{E5AA3EA7-25C4-B818-943F-A04E77D1E7B9}.Debug|Any CPU.Build.0 = Debug|Any CPU
		{E5AA3EA7-25C4-B818-943F-A04E77D1E7B9}.Release|Any CPU.ActiveCfg = Release|Any CPU
		{E5AA3EA7-25C4-B818-943F-A04E77D1E7B9}.Release|Any CPU.Build.0 = Release|Any CPU
		{EC7D067F-07FF-0347-7B5D-204A92D7B40A}.Debug|Any CPU.ActiveCfg = Debug|Any CPU
		{EC7D067F-07FF-0347-7B5D-204A92D7B40A}.Debug|Any CPU.Build.0 = Debug|Any CPU
		{EC7D067F-07FF-0347-7B5D-204A92D7B40A}.Release|Any CPU.ActiveCfg = Release|Any CPU
		{EC7D067F-07FF-0347-7B5D-204A92D7B40A}.Release|Any CPU.Build.0 = Release|Any CPU
		{F9250FA8-0CEB-D9AE-E116-786CBAD28D15}.Debug|Any CPU.ActiveCfg = Debug|Any CPU
		{F9250FA8-0CEB-D9AE-E116-786CBAD28D15}.Debug|Any CPU.Build.0 = Debug|Any CPU
		{F9250FA8-0CEB-D9AE-E116-786CBAD28D15}.Release|Any CPU.ActiveCfg = Release|Any CPU
		{F9250FA8-0CEB-D9AE-E116-786CBAD28D15}.Release|Any CPU.Build.0 = Release|Any CPU
		{5A516B4C-C2EA-AC66-A959-474BCF045494}.Debug|Any CPU.ActiveCfg = Debug|Any CPU
		{5A516B4C-C2EA-AC66-A959-474BCF045494}.Debug|Any CPU.Build.0 = Debug|Any CPU
		{5A516B4C-C2EA-AC66-A959-474BCF045494}.Release|Any CPU.ActiveCfg = Release|Any CPU
		{5A516B4C-C2EA-AC66-A959-474BCF045494}.Release|Any CPU.Build.0 = Release|Any CPU
		{59CB0407-38F6-3474-3564-B88218B6B844}.Debug|Any CPU.ActiveCfg = Debug|Any CPU
		{59CB0407-38F6-3474-3564-B88218B6B844}.Debug|Any CPU.Build.0 = Debug|Any CPU
		{59CB0407-38F6-3474-3564-B88218B6B844}.Release|Any CPU.ActiveCfg = Release|Any CPU
		{59CB0407-38F6-3474-3564-B88218B6B844}.Release|Any CPU.Build.0 = Release|Any CPU
		{0CD8846E-3EFC-AE47-87D0-48C4B0EAF0F1}.Debug|Any CPU.ActiveCfg = Debug|Any CPU
		{0CD8846E-3EFC-AE47-87D0-48C4B0EAF0F1}.Debug|Any CPU.Build.0 = Debug|Any CPU
		{0CD8846E-3EFC-AE47-87D0-48C4B0EAF0F1}.Release|Any CPU.ActiveCfg = Release|Any CPU
		{0CD8846E-3EFC-AE47-87D0-48C4B0EAF0F1}.Release|Any CPU.Build.0 = Release|Any CPU
		{64893750-A594-E2AD-A385-F68214AFB47B}.Debug|Any CPU.ActiveCfg = Debug|Any CPU
		{64893750-A594-E2AD-A385-F68214AFB47B}.Debug|Any CPU.Build.0 = Debug|Any CPU
		{64893750-A594-E2AD-A385-F68214AFB47B}.Release|Any CPU.ActiveCfg = Release|Any CPU
		{64893750-A594-E2AD-A385-F68214AFB47B}.Release|Any CPU.Build.0 = Release|Any CPU
		{A7E5ACAB-0582-5D67-9C05-6386DA10D89B}.Debug|Any CPU.ActiveCfg = Debug|Any CPU
		{A7E5ACAB-0582-5D67-9C05-6386DA10D89B}.Debug|Any CPU.Build.0 = Debug|Any CPU
		{A7E5ACAB-0582-5D67-9C05-6386DA10D89B}.Release|Any CPU.ActiveCfg = Release|Any CPU
		{A7E5ACAB-0582-5D67-9C05-6386DA10D89B}.Release|Any CPU.Build.0 = Release|Any CPU
		{4ADF1A46-15D7-9612-3DD4-0DD21C27F755}.Debug|Any CPU.ActiveCfg = Debug|Any CPU
		{4ADF1A46-15D7-9612-3DD4-0DD21C27F755}.Debug|Any CPU.Build.0 = Debug|Any CPU
		{4ADF1A46-15D7-9612-3DD4-0DD21C27F755}.Release|Any CPU.ActiveCfg = Release|Any CPU
		{4ADF1A46-15D7-9612-3DD4-0DD21C27F755}.Release|Any CPU.Build.0 = Release|Any CPU
		{566C520B-D1A0-B18A-3334-6F60237F19DB}.Debug|Any CPU.ActiveCfg = Debug|Any CPU
		{566C520B-D1A0-B18A-3334-6F60237F19DB}.Debug|Any CPU.Build.0 = Debug|Any CPU
		{566C520B-D1A0-B18A-3334-6F60237F19DB}.Release|Any CPU.ActiveCfg = Release|Any CPU
		{566C520B-D1A0-B18A-3334-6F60237F19DB}.Release|Any CPU.Build.0 = Release|Any CPU
		{2A311649-9BF7-5631-6D45-A7E664B7099D}.Debug|Any CPU.ActiveCfg = Debug|Any CPU
		{2A311649-9BF7-5631-6D45-A7E664B7099D}.Debug|Any CPU.Build.0 = Debug|Any CPU
		{2A311649-9BF7-5631-6D45-A7E664B7099D}.Release|Any CPU.ActiveCfg = Release|Any CPU
		{2A311649-9BF7-5631-6D45-A7E664B7099D}.Release|Any CPU.Build.0 = Release|Any CPU
		{182E9CB8-6931-447E-105F-9F287C4EFC6D}.Debug|Any CPU.ActiveCfg = Debug|Any CPU
		{182E9CB8-6931-447E-105F-9F287C4EFC6D}.Debug|Any CPU.Build.0 = Debug|Any CPU
		{182E9CB8-6931-447E-105F-9F287C4EFC6D}.Release|Any CPU.ActiveCfg = Release|Any CPU
		{182E9CB8-6931-447E-105F-9F287C4EFC6D}.Release|Any CPU.Build.0 = Release|Any CPU
		{B7EE5D33-D21E-8F80-1D3B-DFFF661F2E40}.Debug|Any CPU.ActiveCfg = Debug|Any CPU
		{B7EE5D33-D21E-8F80-1D3B-DFFF661F2E40}.Debug|Any CPU.Build.0 = Debug|Any CPU
		{B7EE5D33-D21E-8F80-1D3B-DFFF661F2E40}.Release|Any CPU.ActiveCfg = Release|Any CPU
		{B7EE5D33-D21E-8F80-1D3B-DFFF661F2E40}.Release|Any CPU.Build.0 = Release|Any CPU
		{EAECB4F8-4D29-EE36-7B24-170AACB1D021}.Debug|Any CPU.ActiveCfg = Debug|Any CPU
		{EAECB4F8-4D29-EE36-7B24-170AACB1D021}.Debug|Any CPU.Build.0 = Debug|Any CPU
		{EAECB4F8-4D29-EE36-7B24-170AACB1D021}.Release|Any CPU.ActiveCfg = Release|Any CPU
		{EAECB4F8-4D29-EE36-7B24-170AACB1D021}.Release|Any CPU.Build.0 = Release|Any CPU
		{54AAEBFF-9734-50CB-763B-DC4CCAE26602}.Debug|Any CPU.ActiveCfg = Debug|Any CPU
		{54AAEBFF-9734-50CB-763B-DC4CCAE26602}.Debug|Any CPU.Build.0 = Debug|Any CPU
		{54AAEBFF-9734-50CB-763B-DC4CCAE26602}.Release|Any CPU.ActiveCfg = Release|Any CPU
		{54AAEBFF-9734-50CB-763B-DC4CCAE26602}.Release|Any CPU.Build.0 = Release|Any CPU
		{A815E2DA-19AD-D616-6492-83E740FB0484}.Debug|Any CPU.ActiveCfg = Debug|Any CPU
		{A815E2DA-19AD-D616-6492-83E740FB0484}.Debug|Any CPU.Build.0 = Debug|Any CPU
		{A815E2DA-19AD-D616-6492-83E740FB0484}.Release|Any CPU.ActiveCfg = Release|Any CPU
		{A815E2DA-19AD-D616-6492-83E740FB0484}.Release|Any CPU.Build.0 = Release|Any CPU
		{8E41F682-4B37-F320-F05B-F6562064CC76}.Debug|Any CPU.ActiveCfg = Debug|Any CPU
		{8E41F682-4B37-F320-F05B-F6562064CC76}.Debug|Any CPU.Build.0 = Debug|Any CPU
		{8E41F682-4B37-F320-F05B-F6562064CC76}.Release|Any CPU.ActiveCfg = Release|Any CPU
		{8E41F682-4B37-F320-F05B-F6562064CC76}.Release|Any CPU.Build.0 = Release|Any CPU
		{4B0D8259-62C6-7316-096C-37EB0C9522DF}.Debug|Any CPU.ActiveCfg = Debug|Any CPU
		{4B0D8259-62C6-7316-096C-37EB0C9522DF}.Debug|Any CPU.Build.0 = Debug|Any CPU
		{4B0D8259-62C6-7316-096C-37EB0C9522DF}.Release|Any CPU.ActiveCfg = Release|Any CPU
		{4B0D8259-62C6-7316-096C-37EB0C9522DF}.Release|Any CPU.Build.0 = Release|Any CPU
		{39A80C37-5F33-1BDE-CFAA-9D604345A154}.Debug|Any CPU.ActiveCfg = Debug|Any CPU
		{39A80C37-5F33-1BDE-CFAA-9D604345A154}.Debug|Any CPU.Build.0 = Debug|Any CPU
		{39A80C37-5F33-1BDE-CFAA-9D604345A154}.Release|Any CPU.ActiveCfg = Release|Any CPU
		{39A80C37-5F33-1BDE-CFAA-9D604345A154}.Release|Any CPU.Build.0 = Release|Any CPU
		{EEB182D4-741A-6EA4-B788-C1CFDFDC894E}.Debug|Any CPU.ActiveCfg = Debug|Any CPU
		{EEB182D4-741A-6EA4-B788-C1CFDFDC894E}.Debug|Any CPU.Build.0 = Debug|Any CPU
		{EEB182D4-741A-6EA4-B788-C1CFDFDC894E}.Release|Any CPU.ActiveCfg = Release|Any CPU
		{EEB182D4-741A-6EA4-B788-C1CFDFDC894E}.Release|Any CPU.Build.0 = Release|Any CPU
		{B754A461-F1B8-2A90-49CA-E2A7C3FD599E}.Debug|Any CPU.ActiveCfg = Debug|Any CPU
		{B754A461-F1B8-2A90-49CA-E2A7C3FD599E}.Debug|Any CPU.Build.0 = Debug|Any CPU
		{B754A461-F1B8-2A90-49CA-E2A7C3FD599E}.Release|Any CPU.ActiveCfg = Release|Any CPU
		{B754A461-F1B8-2A90-49CA-E2A7C3FD599E}.Release|Any CPU.Build.0 = Release|Any CPU
		{312A0D93-92CF-8BD1-2567-8C191C31C9B4}.Debug|Any CPU.ActiveCfg = Debug|Any CPU
		{312A0D93-92CF-8BD1-2567-8C191C31C9B4}.Debug|Any CPU.Build.0 = Debug|Any CPU
		{312A0D93-92CF-8BD1-2567-8C191C31C9B4}.Release|Any CPU.ActiveCfg = Release|Any CPU
		{312A0D93-92CF-8BD1-2567-8C191C31C9B4}.Release|Any CPU.Build.0 = Release|Any CPU
		{8B49CF0B-2299-7B5D-F7C3-1F5DD9B3543E}.Debug|Any CPU.ActiveCfg = Debug|Any CPU
		{8B49CF0B-2299-7B5D-F7C3-1F5DD9B3543E}.Debug|Any CPU.Build.0 = Debug|Any CPU
		{8B49CF0B-2299-7B5D-F7C3-1F5DD9B3543E}.Release|Any CPU.ActiveCfg = Release|Any CPU
		{8B49CF0B-2299-7B5D-F7C3-1F5DD9B3543E}.Release|Any CPU.Build.0 = Release|Any CPU
		{8A6A64F6-DCB7-6096-5ECD-203E5860DA96}.Debug|Any CPU.ActiveCfg = Debug|Any CPU
		{8A6A64F6-DCB7-6096-5ECD-203E5860DA96}.Debug|Any CPU.Build.0 = Debug|Any CPU
		{8A6A64F6-DCB7-6096-5ECD-203E5860DA96}.Release|Any CPU.ActiveCfg = Release|Any CPU
		{8A6A64F6-DCB7-6096-5ECD-203E5860DA96}.Release|Any CPU.Build.0 = Release|Any CPU
		{D8C9C82F-C5C3-2E5C-82D7-28B6C905BCA7}.Debug|Any CPU.ActiveCfg = Debug|Any CPU
		{D8C9C82F-C5C3-2E5C-82D7-28B6C905BCA7}.Debug|Any CPU.Build.0 = Debug|Any CPU
		{D8C9C82F-C5C3-2E5C-82D7-28B6C905BCA7}.Release|Any CPU.ActiveCfg = Release|Any CPU
		{D8C9C82F-C5C3-2E5C-82D7-28B6C905BCA7}.Release|Any CPU.Build.0 = Release|Any CPU
		{2347286F-D361-6897-E518-A4FA2E8C0F31}.Debug|Any CPU.ActiveCfg = Debug|Any CPU
		{2347286F-D361-6897-E518-A4FA2E8C0F31}.Debug|Any CPU.Build.0 = Debug|Any CPU
		{2347286F-D361-6897-E518-A4FA2E8C0F31}.Release|Any CPU.ActiveCfg = Release|Any CPU
		{2347286F-D361-6897-E518-A4FA2E8C0F31}.Release|Any CPU.Build.0 = Release|Any CPU
		{AA07C61A-203B-A734-A18E-16BDF6F81294}.Debug|Any CPU.ActiveCfg = Debug|Any CPU
		{AA07C61A-203B-A734-A18E-16BDF6F81294}.Debug|Any CPU.Build.0 = Debug|Any CPU
		{AA07C61A-203B-A734-A18E-16BDF6F81294}.Release|Any CPU.ActiveCfg = Release|Any CPU
		{AA07C61A-203B-A734-A18E-16BDF6F81294}.Release|Any CPU.Build.0 = Release|Any CPU
		{87B7FB24-0D05-5FFD-1DFA-5B7BA071B75F}.Debug|Any CPU.ActiveCfg = Debug|Any CPU
		{87B7FB24-0D05-5FFD-1DFA-5B7BA071B75F}.Debug|Any CPU.Build.0 = Debug|Any CPU
		{87B7FB24-0D05-5FFD-1DFA-5B7BA071B75F}.Release|Any CPU.ActiveCfg = Release|Any CPU
		{87B7FB24-0D05-5FFD-1DFA-5B7BA071B75F}.Release|Any CPU.Build.0 = Release|Any CPU
		{190004DA-ACFD-B18E-1BD4-CC7FE037EA0C}.Debug|Any CPU.ActiveCfg = Debug|Any CPU
		{190004DA-ACFD-B18E-1BD4-CC7FE037EA0C}.Debug|Any CPU.Build.0 = Debug|Any CPU
		{190004DA-ACFD-B18E-1BD4-CC7FE037EA0C}.Release|Any CPU.ActiveCfg = Release|Any CPU
		{190004DA-ACFD-B18E-1BD4-CC7FE037EA0C}.Release|Any CPU.Build.0 = Release|Any CPU
		{EFF38FB5-4D27-D07D-1700-33AAB9E5C284}.Debug|Any CPU.ActiveCfg = Debug|Any CPU
		{EFF38FB5-4D27-D07D-1700-33AAB9E5C284}.Debug|Any CPU.Build.0 = Debug|Any CPU
		{EFF38FB5-4D27-D07D-1700-33AAB9E5C284}.Release|Any CPU.ActiveCfg = Release|Any CPU
		{EFF38FB5-4D27-D07D-1700-33AAB9E5C284}.Release|Any CPU.Build.0 = Release|Any CPU
		{81261B6B-DA4E-0E24-6117-32E30CD8BF73}.Debug|Any CPU.ActiveCfg = Debug|Any CPU
		{81261B6B-DA4E-0E24-6117-32E30CD8BF73}.Debug|Any CPU.Build.0 = Debug|Any CPU
		{81261B6B-DA4E-0E24-6117-32E30CD8BF73}.Release|Any CPU.ActiveCfg = Release|Any CPU
		{81261B6B-DA4E-0E24-6117-32E30CD8BF73}.Release|Any CPU.Build.0 = Release|Any CPU
		{27EAA6D9-8C37-05B2-8FD1-C2093A40C906}.Debug|Any CPU.ActiveCfg = Debug|Any CPU
		{27EAA6D9-8C37-05B2-8FD1-C2093A40C906}.Debug|Any CPU.Build.0 = Debug|Any CPU
		{27EAA6D9-8C37-05B2-8FD1-C2093A40C906}.Release|Any CPU.ActiveCfg = Release|Any CPU
		{27EAA6D9-8C37-05B2-8FD1-C2093A40C906}.Release|Any CPU.Build.0 = Release|Any CPU
		{02CA8856-4F74-A8B0-152F-86159F7D4543}.Debug|Any CPU.ActiveCfg = Debug|Any CPU
		{02CA8856-4F74-A8B0-152F-86159F7D4543}.Debug|Any CPU.Build.0 = Debug|Any CPU
		{02CA8856-4F74-A8B0-152F-86159F7D4543}.Release|Any CPU.ActiveCfg = Release|Any CPU
		{02CA8856-4F74-A8B0-152F-86159F7D4543}.Release|Any CPU.Build.0 = Release|Any CPU
		{BC15044E-10C2-11C8-D2B3-6B01593EC774}.Debug|Any CPU.ActiveCfg = Debug|Any CPU
		{BC15044E-10C2-11C8-D2B3-6B01593EC774}.Debug|Any CPU.Build.0 = Debug|Any CPU
		{BC15044E-10C2-11C8-D2B3-6B01593EC774}.Release|Any CPU.ActiveCfg = Release|Any CPU
		{BC15044E-10C2-11C8-D2B3-6B01593EC774}.Release|Any CPU.Build.0 = Release|Any CPU
		{0F80BB55-3E61-9395-B252-00112B27BAEC}.Debug|Any CPU.ActiveCfg = Debug|Any CPU
		{0F80BB55-3E61-9395-B252-00112B27BAEC}.Debug|Any CPU.Build.0 = Debug|Any CPU
		{0F80BB55-3E61-9395-B252-00112B27BAEC}.Release|Any CPU.ActiveCfg = Release|Any CPU
		{0F80BB55-3E61-9395-B252-00112B27BAEC}.Release|Any CPU.Build.0 = Release|Any CPU
		{0779C3E2-C028-636B-FF94-39475450B910}.Debug|Any CPU.ActiveCfg = Debug|Any CPU
		{0779C3E2-C028-636B-FF94-39475450B910}.Debug|Any CPU.Build.0 = Debug|Any CPU
		{0779C3E2-C028-636B-FF94-39475450B910}.Release|Any CPU.ActiveCfg = Release|Any CPU
		{0779C3E2-C028-636B-FF94-39475450B910}.Release|Any CPU.Build.0 = Release|Any CPU
		{1C9D18FB-5545-021C-99D4-BBF323EC3400}.Debug|Any CPU.ActiveCfg = Debug|Any CPU
		{1C9D18FB-5545-021C-99D4-BBF323EC3400}.Debug|Any CPU.Build.0 = Debug|Any CPU
		{1C9D18FB-5545-021C-99D4-BBF323EC3400}.Release|Any CPU.ActiveCfg = Release|Any CPU
		{1C9D18FB-5545-021C-99D4-BBF323EC3400}.Release|Any CPU.Build.0 = Release|Any CPU
		{FE65EF53-C7A8-2A20-A3C5-62879125D545}.Debug|Any CPU.ActiveCfg = Debug|Any CPU
		{FE65EF53-C7A8-2A20-A3C5-62879125D545}.Debug|Any CPU.Build.0 = Debug|Any CPU
		{FE65EF53-C7A8-2A20-A3C5-62879125D545}.Release|Any CPU.ActiveCfg = Release|Any CPU
		{FE65EF53-C7A8-2A20-A3C5-62879125D545}.Release|Any CPU.Build.0 = Release|Any CPU
		{FD8474B3-700E-18DA-359D-2F746483A03F}.Debug|Any CPU.ActiveCfg = Debug|Any CPU
		{FD8474B3-700E-18DA-359D-2F746483A03F}.Debug|Any CPU.Build.0 = Debug|Any CPU
		{FD8474B3-700E-18DA-359D-2F746483A03F}.Release|Any CPU.ActiveCfg = Release|Any CPU
		{FD8474B3-700E-18DA-359D-2F746483A03F}.Release|Any CPU.Build.0 = Release|Any CPU
		{94EA16C5-DEC7-6934-9573-9BCB3FFCD369}.Debug|Any CPU.ActiveCfg = Debug|Any CPU
		{94EA16C5-DEC7-6934-9573-9BCB3FFCD369}.Debug|Any CPU.Build.0 = Debug|Any CPU
		{94EA16C5-DEC7-6934-9573-9BCB3FFCD369}.Release|Any CPU.ActiveCfg = Release|Any CPU
		{94EA16C5-DEC7-6934-9573-9BCB3FFCD369}.Release|Any CPU.Build.0 = Release|Any CPU
		{1E991305-ADD0-D862-3CDF-862511C339E6}.Debug|Any CPU.ActiveCfg = Debug|Any CPU
		{1E991305-ADD0-D862-3CDF-862511C339E6}.Debug|Any CPU.Build.0 = Debug|Any CPU
		{1E991305-ADD0-D862-3CDF-862511C339E6}.Release|Any CPU.ActiveCfg = Release|Any CPU
		{1E991305-ADD0-D862-3CDF-862511C339E6}.Release|Any CPU.Build.0 = Release|Any CPU
		{CED027C5-7A55-DA25-0418-F16EFF83C7BE}.Debug|Any CPU.ActiveCfg = Debug|Any CPU
		{CED027C5-7A55-DA25-0418-F16EFF83C7BE}.Debug|Any CPU.Build.0 = Debug|Any CPU
		{CED027C5-7A55-DA25-0418-F16EFF83C7BE}.Release|Any CPU.ActiveCfg = Release|Any CPU
		{CED027C5-7A55-DA25-0418-F16EFF83C7BE}.Release|Any CPU.Build.0 = Release|Any CPU
		{635773AF-1044-405B-891C-CA3C2C2D8747}.Debug|Any CPU.ActiveCfg = Debug|Any CPU
		{635773AF-1044-405B-891C-CA3C2C2D8747}.Debug|Any CPU.Build.0 = Debug|Any CPU
		{635773AF-1044-405B-891C-CA3C2C2D8747}.Release|Any CPU.ActiveCfg = Release|Any CPU
		{635773AF-1044-405B-891C-CA3C2C2D8747}.Release|Any CPU.Build.0 = Release|Any CPU
		{02B12557-D661-B155-5AB2-BB6623CDAA47}.Debug|Any CPU.ActiveCfg = Debug|Any CPU
		{02B12557-D661-B155-5AB2-BB6623CDAA47}.Debug|Any CPU.Build.0 = Debug|Any CPU
		{02B12557-D661-B155-5AB2-BB6623CDAA47}.Release|Any CPU.ActiveCfg = Release|Any CPU
		{02B12557-D661-B155-5AB2-BB6623CDAA47}.Release|Any CPU.Build.0 = Release|Any CPU
		{110565B2-513A-CFA6-79F6-B23DC69271EF}.Debug|Any CPU.ActiveCfg = Debug|Any CPU
		{110565B2-513A-CFA6-79F6-B23DC69271EF}.Debug|Any CPU.Build.0 = Debug|Any CPU
		{110565B2-513A-CFA6-79F6-B23DC69271EF}.Release|Any CPU.ActiveCfg = Release|Any CPU
		{110565B2-513A-CFA6-79F6-B23DC69271EF}.Release|Any CPU.Build.0 = Release|Any CPU
		{490886AA-AE38-9B0A-E7BD-BEE9376CE5B4}.Debug|Any CPU.ActiveCfg = Debug|Any CPU
		{490886AA-AE38-9B0A-E7BD-BEE9376CE5B4}.Debug|Any CPU.Build.0 = Debug|Any CPU
		{490886AA-AE38-9B0A-E7BD-BEE9376CE5B4}.Release|Any CPU.ActiveCfg = Release|Any CPU
		{490886AA-AE38-9B0A-E7BD-BEE9376CE5B4}.Release|Any CPU.Build.0 = Release|Any CPU
		{C77B3A75-E9E7-3906-F270-2F9A27E12900}.Debug|Any CPU.ActiveCfg = Debug|Any CPU
		{C77B3A75-E9E7-3906-F270-2F9A27E12900}.Debug|Any CPU.Build.0 = Debug|Any CPU
		{C77B3A75-E9E7-3906-F270-2F9A27E12900}.Release|Any CPU.ActiveCfg = Release|Any CPU
		{C77B3A75-E9E7-3906-F270-2F9A27E12900}.Release|Any CPU.Build.0 = Release|Any CPU
		{A7360A99-C4F3-9ECB-99FE-77AC581959A6}.Debug|Any CPU.ActiveCfg = Debug|Any CPU
		{A7360A99-C4F3-9ECB-99FE-77AC581959A6}.Debug|Any CPU.Build.0 = Debug|Any CPU
		{A7360A99-C4F3-9ECB-99FE-77AC581959A6}.Release|Any CPU.ActiveCfg = Release|Any CPU
		{A7360A99-C4F3-9ECB-99FE-77AC581959A6}.Release|Any CPU.Build.0 = Release|Any CPU
		{61AC9B51-C829-9144-C572-B90557BCFB95}.Debug|Any CPU.ActiveCfg = Debug|Any CPU
		{61AC9B51-C829-9144-C572-B90557BCFB95}.Debug|Any CPU.Build.0 = Debug|Any CPU
		{61AC9B51-C829-9144-C572-B90557BCFB95}.Release|Any CPU.ActiveCfg = Release|Any CPU
		{61AC9B51-C829-9144-C572-B90557BCFB95}.Release|Any CPU.Build.0 = Release|Any CPU
		{6DF9DFC5-5ABB-2366-BB41-3E5B8835817A}.Debug|Any CPU.ActiveCfg = Debug|Any CPU
		{6DF9DFC5-5ABB-2366-BB41-3E5B8835817A}.Debug|Any CPU.Build.0 = Debug|Any CPU
		{6DF9DFC5-5ABB-2366-BB41-3E5B8835817A}.Release|Any CPU.ActiveCfg = Release|Any CPU
		{6DF9DFC5-5ABB-2366-BB41-3E5B8835817A}.Release|Any CPU.Build.0 = Release|Any CPU
		{EFF25ADF-E36F-6456-304A-51ED5B854E8D}.Debug|Any CPU.ActiveCfg = Debug|Any CPU
		{EFF25ADF-E36F-6456-304A-51ED5B854E8D}.Debug|Any CPU.Build.0 = Debug|Any CPU
		{EFF25ADF-E36F-6456-304A-51ED5B854E8D}.Release|Any CPU.ActiveCfg = Release|Any CPU
		{EFF25ADF-E36F-6456-304A-51ED5B854E8D}.Release|Any CPU.Build.0 = Release|Any CPU
		{28E60A54-14A1-1C17-06E4-3C779C1E8DB9}.Debug|Any CPU.ActiveCfg = Debug|Any CPU
		{28E60A54-14A1-1C17-06E4-3C779C1E8DB9}.Debug|Any CPU.Build.0 = Debug|Any CPU
		{28E60A54-14A1-1C17-06E4-3C779C1E8DB9}.Release|Any CPU.ActiveCfg = Release|Any CPU
		{28E60A54-14A1-1C17-06E4-3C779C1E8DB9}.Release|Any CPU.Build.0 = Release|Any CPU
		{594A7EE7-16C2-AEC9-0F11-DC772E9E0BC7}.Debug|Any CPU.ActiveCfg = Debug|Any CPU
		{594A7EE7-16C2-AEC9-0F11-DC772E9E0BC7}.Debug|Any CPU.Build.0 = Debug|Any CPU
		{594A7EE7-16C2-AEC9-0F11-DC772E9E0BC7}.Release|Any CPU.ActiveCfg = Release|Any CPU
		{594A7EE7-16C2-AEC9-0F11-DC772E9E0BC7}.Release|Any CPU.Build.0 = Release|Any CPU
		{C72D3087-0963-4DA7-8BE6-0E380A579EB1}.Debug|Any CPU.ActiveCfg = Debug|Any CPU
		{C72D3087-0963-4DA7-8BE6-0E380A579EB1}.Debug|Any CPU.Build.0 = Debug|Any CPU
		{C72D3087-0963-4DA7-8BE6-0E380A579EB1}.Release|Any CPU.ActiveCfg = Release|Any CPU
		{C72D3087-0963-4DA7-8BE6-0E380A579EB1}.Release|Any CPU.Build.0 = Release|Any CPU
		{3207FB1D-221E-616B-E06F-5008263333E5}.Debug|Any CPU.ActiveCfg = Debug|Any CPU
		{3207FB1D-221E-616B-E06F-5008263333E5}.Debug|Any CPU.Build.0 = Debug|Any CPU
		{3207FB1D-221E-616B-E06F-5008263333E5}.Release|Any CPU.ActiveCfg = Release|Any CPU
		{3207FB1D-221E-616B-E06F-5008263333E5}.Release|Any CPU.Build.0 = Release|Any CPU
		{753AD167-ED3F-667C-9372-FD2F806CFDB4}.Debug|Any CPU.ActiveCfg = Debug|Any CPU
		{753AD167-ED3F-667C-9372-FD2F806CFDB4}.Debug|Any CPU.Build.0 = Debug|Any CPU
		{753AD167-ED3F-667C-9372-FD2F806CFDB4}.Release|Any CPU.ActiveCfg = Release|Any CPU
		{753AD167-ED3F-667C-9372-FD2F806CFDB4}.Release|Any CPU.Build.0 = Release|Any CPU
		{AB594AC3-4B0A-778E-B369-41709C737AD1}.Debug|Any CPU.ActiveCfg = Debug|Any CPU
		{AB594AC3-4B0A-778E-B369-41709C737AD1}.Debug|Any CPU.Build.0 = Debug|Any CPU
		{AB594AC3-4B0A-778E-B369-41709C737AD1}.Release|Any CPU.ActiveCfg = Release|Any CPU
		{AB594AC3-4B0A-778E-B369-41709C737AD1}.Release|Any CPU.Build.0 = Release|Any CPU
		{9284CECA-25A1-45FA-82D4-0DA2A4C3DB03}.Debug|Any CPU.ActiveCfg = Debug|Any CPU
		{9284CECA-25A1-45FA-82D4-0DA2A4C3DB03}.Debug|Any CPU.Build.0 = Debug|Any CPU
		{9284CECA-25A1-45FA-82D4-0DA2A4C3DB03}.Release|Any CPU.ActiveCfg = Release|Any CPU
		{9284CECA-25A1-45FA-82D4-0DA2A4C3DB03}.Release|Any CPU.Build.0 = Release|Any CPU
		{4BE039BB-DF1D-C60E-4437-107C0AF1BD8F}.Debug|Any CPU.ActiveCfg = Debug|Any CPU
		{4BE039BB-DF1D-C60E-4437-107C0AF1BD8F}.Debug|Any CPU.Build.0 = Debug|Any CPU
		{4BE039BB-DF1D-C60E-4437-107C0AF1BD8F}.Release|Any CPU.ActiveCfg = Release|Any CPU
		{4BE039BB-DF1D-C60E-4437-107C0AF1BD8F}.Release|Any CPU.Build.0 = Release|Any CPU
		{87B27C7D-807B-A4B2-69AA-4BDDAAD4863B}.Debug|Any CPU.ActiveCfg = Debug|Any CPU
		{87B27C7D-807B-A4B2-69AA-4BDDAAD4863B}.Debug|Any CPU.Build.0 = Debug|Any CPU
		{87B27C7D-807B-A4B2-69AA-4BDDAAD4863B}.Release|Any CPU.ActiveCfg = Release|Any CPU
		{87B27C7D-807B-A4B2-69AA-4BDDAAD4863B}.Release|Any CPU.Build.0 = Release|Any CPU
		{A265342B-B2A6-1A26-8F8E-064E10BDB178}.Debug|Any CPU.ActiveCfg = Debug|Any CPU
		{A265342B-B2A6-1A26-8F8E-064E10BDB178}.Debug|Any CPU.Build.0 = Debug|Any CPU
		{A265342B-B2A6-1A26-8F8E-064E10BDB178}.Release|Any CPU.ActiveCfg = Release|Any CPU
		{A265342B-B2A6-1A26-8F8E-064E10BDB178}.Release|Any CPU.Build.0 = Release|Any CPU
		{DB8E18BD-621A-B22B-BE69-5F0CA2C9DDA4}.Debug|Any CPU.ActiveCfg = Debug|Any CPU
		{DB8E18BD-621A-B22B-BE69-5F0CA2C9DDA4}.Debug|Any CPU.Build.0 = Debug|Any CPU
		{DB8E18BD-621A-B22B-BE69-5F0CA2C9DDA4}.Release|Any CPU.ActiveCfg = Release|Any CPU
		{DB8E18BD-621A-B22B-BE69-5F0CA2C9DDA4}.Release|Any CPU.Build.0 = Release|Any CPU
		{8DBCC8A9-1867-29BE-F6E1-4DF3578B61B1}.Debug|Any CPU.ActiveCfg = Debug|Any CPU
		{8DBCC8A9-1867-29BE-F6E1-4DF3578B61B1}.Debug|Any CPU.Build.0 = Debug|Any CPU
		{8DBCC8A9-1867-29BE-F6E1-4DF3578B61B1}.Release|Any CPU.ActiveCfg = Release|Any CPU
		{8DBCC8A9-1867-29BE-F6E1-4DF3578B61B1}.Release|Any CPU.Build.0 = Release|Any CPU
		{8242DD2A-0197-AA43-DC50-44A063C4445B}.Debug|Any CPU.ActiveCfg = Debug|Any CPU
		{8242DD2A-0197-AA43-DC50-44A063C4445B}.Debug|Any CPU.Build.0 = Debug|Any CPU
		{8242DD2A-0197-AA43-DC50-44A063C4445B}.Release|Any CPU.ActiveCfg = Release|Any CPU
		{8242DD2A-0197-AA43-DC50-44A063C4445B}.Release|Any CPU.Build.0 = Release|Any CPU
		{B8B12815-7DEE-3892-B225-252DD9395E8F}.Debug|Any CPU.ActiveCfg = Debug|Any CPU
		{B8B12815-7DEE-3892-B225-252DD9395E8F}.Debug|Any CPU.Build.0 = Debug|Any CPU
		{B8B12815-7DEE-3892-B225-252DD9395E8F}.Release|Any CPU.ActiveCfg = Release|Any CPU
		{B8B12815-7DEE-3892-B225-252DD9395E8F}.Release|Any CPU.Build.0 = Release|Any CPU
		{82E63E2B-7D56-AA74-3FF6-8C692A5F10A9}.Debug|Any CPU.ActiveCfg = Debug|Any CPU
		{82E63E2B-7D56-AA74-3FF6-8C692A5F10A9}.Debug|Any CPU.Build.0 = Debug|Any CPU
		{82E63E2B-7D56-AA74-3FF6-8C692A5F10A9}.Release|Any CPU.ActiveCfg = Release|Any CPU
		{82E63E2B-7D56-AA74-3FF6-8C692A5F10A9}.Release|Any CPU.Build.0 = Release|Any CPU
		{BABC6ED9-B59E-20FE-FD72-0179D2CEF3E0}.Debug|Any CPU.ActiveCfg = Debug|Any CPU
		{BABC6ED9-B59E-20FE-FD72-0179D2CEF3E0}.Debug|Any CPU.Build.0 = Debug|Any CPU
		{BABC6ED9-B59E-20FE-FD72-0179D2CEF3E0}.Release|Any CPU.ActiveCfg = Release|Any CPU
		{BABC6ED9-B59E-20FE-FD72-0179D2CEF3E0}.Release|Any CPU.Build.0 = Release|Any CPU
		{F7E64932-8393-7897-FE77-935D3670578A}.Debug|Any CPU.ActiveCfg = Debug|Any CPU
		{F7E64932-8393-7897-FE77-935D3670578A}.Debug|Any CPU.Build.0 = Debug|Any CPU
		{F7E64932-8393-7897-FE77-935D3670578A}.Release|Any CPU.ActiveCfg = Release|Any CPU
		{F7E64932-8393-7897-FE77-935D3670578A}.Release|Any CPU.Build.0 = Release|Any CPU
		{FD1FB570-E515-5E30-80E4-87B693ACBAAA}.Debug|Any CPU.ActiveCfg = Debug|Any CPU
		{FD1FB570-E515-5E30-80E4-87B693ACBAAA}.Debug|Any CPU.Build.0 = Debug|Any CPU
		{FD1FB570-E515-5E30-80E4-87B693ACBAAA}.Release|Any CPU.ActiveCfg = Release|Any CPU
		{FD1FB570-E515-5E30-80E4-87B693ACBAAA}.Release|Any CPU.Build.0 = Release|Any CPU
		{12296B58-A594-196C-ACC7-EA55049DB3D2}.Debug|Any CPU.ActiveCfg = Debug|Any CPU
		{12296B58-A594-196C-ACC7-EA55049DB3D2}.Debug|Any CPU.Build.0 = Debug|Any CPU
		{12296B58-A594-196C-ACC7-EA55049DB3D2}.Release|Any CPU.ActiveCfg = Release|Any CPU
		{12296B58-A594-196C-ACC7-EA55049DB3D2}.Release|Any CPU.Build.0 = Release|Any CPU
		{5DC42BFE-64E2-B357-0AD2-CFE2ABFC57AC}.Debug|Any CPU.ActiveCfg = Debug|Any CPU
		{5DC42BFE-64E2-B357-0AD2-CFE2ABFC57AC}.Debug|Any CPU.Build.0 = Debug|Any CPU
		{5DC42BFE-64E2-B357-0AD2-CFE2ABFC57AC}.Release|Any CPU.ActiveCfg = Release|Any CPU
		{5DC42BFE-64E2-B357-0AD2-CFE2ABFC57AC}.Release|Any CPU.Build.0 = Release|Any CPU
		{ABCD3826-8974-06E8-AB03-B9DD09D1A4D8}.Debug|Any CPU.ActiveCfg = Debug|Any CPU
		{ABCD3826-8974-06E8-AB03-B9DD09D1A4D8}.Debug|Any CPU.Build.0 = Debug|Any CPU
		{ABCD3826-8974-06E8-AB03-B9DD09D1A4D8}.Release|Any CPU.ActiveCfg = Release|Any CPU
		{ABCD3826-8974-06E8-AB03-B9DD09D1A4D8}.Release|Any CPU.Build.0 = Release|Any CPU
		{FEF875F9-C281-6462-AB66-8CBE79D5A14F}.Debug|Any CPU.ActiveCfg = Debug|Any CPU
		{FEF875F9-C281-6462-AB66-8CBE79D5A14F}.Debug|Any CPU.Build.0 = Debug|Any CPU
		{FEF875F9-C281-6462-AB66-8CBE79D5A14F}.Release|Any CPU.ActiveCfg = Release|Any CPU
		{FEF875F9-C281-6462-AB66-8CBE79D5A14F}.Release|Any CPU.Build.0 = Release|Any CPU
		{8E19D909-C765-39E9-FEA0-72276D0F64DC}.Debug|Any CPU.ActiveCfg = Debug|Any CPU
		{8E19D909-C765-39E9-FEA0-72276D0F64DC}.Debug|Any CPU.Build.0 = Debug|Any CPU
		{8E19D909-C765-39E9-FEA0-72276D0F64DC}.Release|Any CPU.ActiveCfg = Release|Any CPU
		{8E19D909-C765-39E9-FEA0-72276D0F64DC}.Release|Any CPU.Build.0 = Release|Any CPU
		{ED556843-00BE-1D29-3BAE-BA06EDC514AD}.Debug|Any CPU.ActiveCfg = Debug|Any CPU
		{ED556843-00BE-1D29-3BAE-BA06EDC514AD}.Debug|Any CPU.Build.0 = Debug|Any CPU
		{ED556843-00BE-1D29-3BAE-BA06EDC514AD}.Release|Any CPU.ActiveCfg = Release|Any CPU
		{ED556843-00BE-1D29-3BAE-BA06EDC514AD}.Release|Any CPU.Build.0 = Release|Any CPU
		{D4C96F5A-0112-7F49-14EC-B5D44B44EE2C}.Debug|Any CPU.ActiveCfg = Debug|Any CPU
		{D4C96F5A-0112-7F49-14EC-B5D44B44EE2C}.Debug|Any CPU.Build.0 = Debug|Any CPU
		{D4C96F5A-0112-7F49-14EC-B5D44B44EE2C}.Release|Any CPU.ActiveCfg = Release|Any CPU
		{D4C96F5A-0112-7F49-14EC-B5D44B44EE2C}.Release|Any CPU.Build.0 = Release|Any CPU
		{11F8D4EB-C178-32CA-6B48-89CE688DD263}.Debug|Any CPU.ActiveCfg = Debug|Any CPU
		{11F8D4EB-C178-32CA-6B48-89CE688DD263}.Debug|Any CPU.Build.0 = Debug|Any CPU
		{11F8D4EB-C178-32CA-6B48-89CE688DD263}.Release|Any CPU.ActiveCfg = Release|Any CPU
		{11F8D4EB-C178-32CA-6B48-89CE688DD263}.Release|Any CPU.Build.0 = Release|Any CPU
		{F8338EB1-F671-3E46-CEE8-35C7F631B5F9}.Debug|Any CPU.ActiveCfg = Debug|Any CPU
		{F8338EB1-F671-3E46-CEE8-35C7F631B5F9}.Debug|Any CPU.Build.0 = Debug|Any CPU
		{F8338EB1-F671-3E46-CEE8-35C7F631B5F9}.Release|Any CPU.ActiveCfg = Release|Any CPU
		{F8338EB1-F671-3E46-CEE8-35C7F631B5F9}.Release|Any CPU.Build.0 = Release|Any CPU
		{C2902142-B01A-2183-7F48-CFF693606CC9}.Debug|Any CPU.ActiveCfg = Debug|Any CPU
		{C2902142-B01A-2183-7F48-CFF693606CC9}.Debug|Any CPU.Build.0 = Debug|Any CPU
		{C2902142-B01A-2183-7F48-CFF693606CC9}.Release|Any CPU.ActiveCfg = Release|Any CPU
		{C2902142-B01A-2183-7F48-CFF693606CC9}.Release|Any CPU.Build.0 = Release|Any CPU
		{8DB85314-4FB7-599D-AD60-C4001FB5F034}.Debug|Any CPU.ActiveCfg = Debug|Any CPU
		{8DB85314-4FB7-599D-AD60-C4001FB5F034}.Debug|Any CPU.Build.0 = Debug|Any CPU
		{8DB85314-4FB7-599D-AD60-C4001FB5F034}.Release|Any CPU.ActiveCfg = Release|Any CPU
		{8DB85314-4FB7-599D-AD60-C4001FB5F034}.Release|Any CPU.Build.0 = Release|Any CPU
		{FF42F3CD-C3D0-C853-415E-D3F1BBA98833}.Debug|Any CPU.ActiveCfg = Debug|Any CPU
		{FF42F3CD-C3D0-C853-415E-D3F1BBA98833}.Debug|Any CPU.Build.0 = Debug|Any CPU
		{FF42F3CD-C3D0-C853-415E-D3F1BBA98833}.Release|Any CPU.ActiveCfg = Release|Any CPU
		{FF42F3CD-C3D0-C853-415E-D3F1BBA98833}.Release|Any CPU.Build.0 = Release|Any CPU
		{380A8F1D-23B2-ECDE-1D43-47E9456985C4}.Debug|Any CPU.ActiveCfg = Debug|Any CPU
		{380A8F1D-23B2-ECDE-1D43-47E9456985C4}.Debug|Any CPU.Build.0 = Debug|Any CPU
		{380A8F1D-23B2-ECDE-1D43-47E9456985C4}.Release|Any CPU.ActiveCfg = Release|Any CPU
		{380A8F1D-23B2-ECDE-1D43-47E9456985C4}.Release|Any CPU.Build.0 = Release|Any CPU
		{D7984F42-7BDF-BC16-72CD-10E42E4D631E}.Debug|Any CPU.ActiveCfg = Debug|Any CPU
		{D7984F42-7BDF-BC16-72CD-10E42E4D631E}.Debug|Any CPU.Build.0 = Debug|Any CPU
		{D7984F42-7BDF-BC16-72CD-10E42E4D631E}.Release|Any CPU.ActiveCfg = Release|Any CPU
		{D7984F42-7BDF-BC16-72CD-10E42E4D631E}.Release|Any CPU.Build.0 = Release|Any CPU
		{238B5F02-40A7-5ABE-B94E-AE372C65596D}.Debug|Any CPU.ActiveCfg = Debug|Any CPU
		{238B5F02-40A7-5ABE-B94E-AE372C65596D}.Debug|Any CPU.Build.0 = Debug|Any CPU
		{238B5F02-40A7-5ABE-B94E-AE372C65596D}.Release|Any CPU.ActiveCfg = Release|Any CPU
		{238B5F02-40A7-5ABE-B94E-AE372C65596D}.Release|Any CPU.Build.0 = Release|Any CPU
		{47290276-6B70-E2B8-B73B-30E035E342AF}.Debug|Any CPU.ActiveCfg = Debug|Any CPU
		{47290276-6B70-E2B8-B73B-30E035E342AF}.Debug|Any CPU.Build.0 = Debug|Any CPU
		{47290276-6B70-E2B8-B73B-30E035E342AF}.Release|Any CPU.ActiveCfg = Release|Any CPU
		{47290276-6B70-E2B8-B73B-30E035E342AF}.Release|Any CPU.Build.0 = Release|Any CPU
		{F770B5B2-9B2A-E261-3D49-E16A546C0124}.Debug|Any CPU.ActiveCfg = Debug|Any CPU
		{F770B5B2-9B2A-E261-3D49-E16A546C0124}.Debug|Any CPU.Build.0 = Debug|Any CPU
		{F770B5B2-9B2A-E261-3D49-E16A546C0124}.Release|Any CPU.ActiveCfg = Release|Any CPU
		{F770B5B2-9B2A-E261-3D49-E16A546C0124}.Release|Any CPU.Build.0 = Release|Any CPU
		{9A02537D-1E6E-23CA-BAB0-059B820DE2F3}.Debug|Any CPU.ActiveCfg = Debug|Any CPU
		{9A02537D-1E6E-23CA-BAB0-059B820DE2F3}.Debug|Any CPU.Build.0 = Debug|Any CPU
		{9A02537D-1E6E-23CA-BAB0-059B820DE2F3}.Release|Any CPU.ActiveCfg = Release|Any CPU
		{9A02537D-1E6E-23CA-BAB0-059B820DE2F3}.Release|Any CPU.Build.0 = Release|Any CPU
		{19406A95-E84B-46C6-F280-FB83AA86CDF2}.Debug|Any CPU.ActiveCfg = Debug|Any CPU
		{19406A95-E84B-46C6-F280-FB83AA86CDF2}.Debug|Any CPU.Build.0 = Debug|Any CPU
		{19406A95-E84B-46C6-F280-FB83AA86CDF2}.Release|Any CPU.ActiveCfg = Release|Any CPU
		{19406A95-E84B-46C6-F280-FB83AA86CDF2}.Release|Any CPU.Build.0 = Release|Any CPU
	EndGlobalSection
	GlobalSection(SolutionProperties) = preSolution
		HideSolutionNode = FALSE
	EndGlobalSection
EndGlobal
